
Microsoft Visual Studio Solution File, Format Version 12.00
# Visual Studio Version 16
VisualStudioVersion = 16.0.30907.101
MinimumVisualStudioVersion = 10.0.40219.1
Project("{FAE04EC0-301F-11D3-BF4B-00C04F79EFBC}") = "GeneralStoreAPI", "GeneralStoreAPI\GeneralStoreAPI.csproj", "{DC535FB1-21ED-492E-ACE1-479162158A10}"
EndProject
Global
	GlobalSection(SolutionConfigurationPlatforms) = preSolution
		Debug|Any CPU = Debug|Any CPU
		Release|Any CPU = Release|Any CPU
	EndGlobalSection
	GlobalSection(ProjectConfigurationPlatforms) = postSolution
		{DC535FB1-21ED-492E-ACE1-479162158A10}.Debug|Any CPU.ActiveCfg = Debug|Any CPU
		{DC535FB1-21ED-492E-ACE1-479162158A10}.Debug|Any CPU.Build.0 = Debug|Any CPU
		{DC535FB1-21ED-492E-ACE1-479162158A10}.Release|Any CPU.ActiveCfg = Release|Any CPU
		{DC535FB1-21ED-492E-ACE1-479162158A10}.Release|Any CPU.Build.0 = Release|Any CPU
	EndGlobalSection
	GlobalSection(SolutionProperties) = preSolution
		HideSolutionNode = FALSE
	EndGlobalSection
	GlobalSection(ExtensibilityGlobals) = postSolution
		SolutionGuid = {5FEE2DE7-75A4-49DE-92E5-D6FB13AFAFFB}
	EndGlobalSection
EndGlobal
